
Microsoft Visual Studio Solution File, Format Version 12.00
# Visual Studio Version 17
VisualStudioVersion = 17.2.32616.157
MinimumVisualStudioVersion = 10.0.40219.1
Project("{FAE04EC0-301F-11D3-BF4B-00C04F79EFBC}") = "Filter_high_frequency", "Filter_high_frequency\Filter_high_frequency.csproj", "{EA67F3E9-6891-4A86-A63F-82987C5E51B4}"
EndProject
Global
	GlobalSection(SolutionConfigurationPlatforms) = preSolution
		Debug|Any CPU = Debug|Any CPU
		Release|Any CPU = Release|Any CPU
	EndGlobalSection
	GlobalSection(ProjectConfigurationPlatforms) = postSolution
		{EA67F3E9-6891-4A86-A63F-82987C5E51B4}.Debug|Any CPU.ActiveCfg = Debug|Any CPU
		{EA67F3E9-6891-4A86-A63F-82987C5E51B4}.Debug|Any CPU.Build.0 = Debug|Any CPU
		{EA67F3E9-6891-4A86-A63F-82987C5E51B4}.Release|Any CPU.ActiveCfg = Release|Any CPU
		{EA67F3E9-6891-4A86-A63F-82987C5E51B4}.Release|Any CPU.Build.0 = Release|Any CPU
	EndGlobalSection
	GlobalSection(SolutionProperties) = preSolution
		HideSolutionNode = FALSE
	EndGlobalSection
	GlobalSection(ExtensibilityGlobals) = postSolution
		SolutionGuid = {204BF6E7-67E4-4953-9589-D240CAB7CDC1}
	EndGlobalSection
EndGlobal
